{
  "version": 4,
  "terraform_version": "1.1.5",
  "serial": 5,
  "lineage": "cbe6c822-d99b-35e2-5f5e-fd541d0c151d",
  "outputs": {
    "external_ip_address_node01_yandex_cloud": {
      "value": "51.250.14.152",
      "type": "string"
    },
    "internal_ip_address_node01_yandex_cloud": {
      "value": "192.168.101.21",
      "type": "string"
    }
  },
  "resources": [
    {
      "mode": "managed",
      "type": "yandex_compute_instance",
      "name": "node01",
      "provider": "provider[\"registry.terraform.io/yandex-cloud/yandex\"]",
      "instances": [
        {
          "schema_version": 1,
          "attributes": {
            "allow_stopping_for_update": true,
            "boot_disk": [
              {
                "auto_delete": true,
                "device_name": "fhmk492e1ncjs24sbphi",
                "disk_id": "fhmk492e1ncjs24sbphi",
                "initialize_params": [
                  {
                    "block_size": 4096,
                    "description": "",
                    "image_id": "fd8rtipj0fi647mg06nh",
                    "name": "root-node01",
                    "size": 50,
                    "snapshot_id": "",
                    "type": "network-ssd"
                  }
                ],
                "mode": "READ_WRITE"
              }
            ],
            "created_at": "2022-02-06T12:21:25Z",
            "description": "",
            "folder_id": "b1g5sdiiskl135r2jmcv",
            "fqdn": "node01.netology.cloud",
            "hostname": "node01",
            "id": "fhmbi0j7ntn5uipamvqi",
            "labels": null,
            "metadata": {
              "ssh-keys": "centos:ssh-rsa AAAAB3NzaC1yc2EAAAADAQABAAABgQDS3ZEpPCkDxnAsXopyHrAmqvKpQnGX4JyEFxZ1AzgiCP4ljHT27FeA1qxru00bDoiU6tYBfwxLk4vAY+sG/LKx+k9EG+LEFyBxvwzC43vxl+XEIrs90H7lL1PiFQaMgsg7rCbSwn/UsY8X/H+/sUeJx2+7nScNj7a1vQddSrTKWZtMnNqHmNKLaTB2vO+57DA2RpbyAyW42FHmw7yArtlSyVBgMc4Pnjv9dDNQsL7b8ih2y+kzRtcUukaHwezZE45HmTOhYLvqreF2mcqIxqCkzwcA38D5HjosPa3ILUXq/+i3xT2BshJyRqs5eTou9arZUKP4zyy6Lq5lMK/aZdudDOYAnVsmJ2qRsjRuHnb9lNG6fB/VjQqm2UxRpI4WUA+avSaQL4WoE5fjwcVerlMFMbpU6ZRJlT9vMRt129fJVZFnb8fJjm2OP6PbJ0tEhuCEqrUw78rQOrzUFRoeuXxkleAUUiveX8RxzkoiuzMYMtlEI+1PT/jTblccC8gh8b0= dekar@Dekar-NIX\n"
            },
            "name": "node01",
            "network_acceleration_type": "standard",
            "network_interface": [
              {
                "dns_record": [],
                "index": 0,
                "ip_address": "192.168.101.21",
                "ipv4": true,
                "ipv6": false,
                "ipv6_address": "",
                "ipv6_dns_record": [],
                "mac_address": "d0:0d:b9:02:67:bf",
                "nat": true,
                "nat_dns_record": [],
                "nat_ip_address": "51.250.14.152",
                "nat_ip_version": "IPV4",
                "security_group_ids": [],
                "subnet_id": "e9boiijltft96eiagvuk"
              }
            ],
            "placement_policy": [
              {
                "placement_group_id": ""
              }
            ],
            "platform_id": "standard-v1",
            "resources": [
              {
                "core_fraction": 100,
                "cores": 8,
                "gpus": 0,
                "memory": 8
              }
            ],
            "scheduling_policy": [
              {
                "preemptible": false
              }
            ],
            "secondary_disk": [],
            "service_account_id": "",
            "status": "running",
            "timeouts": null,
            "zone": "ru-central1-a"
          },
          "sensitive_attributes": [],
          "private": "eyJlMmJmYjczMC1lY2FhLTExZTYtOGY4OC0zNDM2M2JjN2M0YzAiOnsiY3JlYXRlIjozMDAwMDAwMDAwMDAsImRlbGV0ZSI6MzAwMDAwMDAwMDAwLCJ1cGRhdGUiOjMwMDAwMDAwMDAwMH0sInNjaGVtYV92ZXJzaW9uIjoiMSJ9",
          "dependencies": [
            "yandex_vpc_network.default",
            "yandex_vpc_subnet.default"
          ]
        }
      ]
    },
    {
      "mode": "managed",
      "type": "yandex_vpc_network",
      "name": "default",
      "provider": "provider[\"registry.terraform.io/yandex-cloud/yandex\"]",
      "instances": [
        {
          "schema_version": 0,
          "attributes": {
            "created_at": "2022-02-06T12:21:23Z",
            "default_security_group_id": "",
            "description": "",
            "folder_id": "b1g5sdiiskl135r2jmcv",
            "id": "enp29bqu86k2sdp9rdt5",
            "labels": {},
            "name": "net",
            "subnet_ids": [],
            "timeouts": null
          },
          "sensitive_attributes": [],
          "private": "eyJlMmJmYjczMC1lY2FhLTExZTYtOGY4OC0zNDM2M2JjN2M0YzAiOnsiY3JlYXRlIjo2MDAwMDAwMDAwMCwiZGVsZXRlIjo2MDAwMDAwMDAwMCwidXBkYXRlIjo2MDAwMDAwMDAwMH19"
        }
      ]
    },
    {
      "mode": "managed",
      "type": "yandex_vpc_subnet",
      "name": "default",
      "provider": "provider[\"registry.terraform.io/yandex-cloud/yandex\"]",
      "instances": [
        {
          "schema_version": 0,
          "attributes": {
            "created_at": "2022-02-06T12:21:23Z",
            "description": "",
            "dhcp_options": [],
            "folder_id": "b1g5sdiiskl135r2jmcv",
            "id": "e9boiijltft96eiagvuk",
            "labels": {},
            "name": "subnet",
            "network_id": "enp29bqu86k2sdp9rdt5",
            "route_table_id": "",
            "timeouts": null,
            "v4_cidr_blocks": [
              "192.168.101.0/24"
            ],
            "v6_cidr_blocks": [],
            "zone": "ru-central1-a"
          },
          "sensitive_attributes": [],
          "private": "eyJlMmJmYjczMC1lY2FhLTExZTYtOGY4OC0zNDM2M2JjN2M0YzAiOnsiY3JlYXRlIjoxODAwMDAwMDAwMDAsImRlbGV0ZSI6MTgwMDAwMDAwMDAwLCJ1cGRhdGUiOjE4MDAwMDAwMDAwMH19",
          "dependencies": [
            "yandex_vpc_network.default"
          ]
        }
      ]
    }
  ]
}
